
Microsoft Visual Studio Solution File, Format Version 12.00
# Visual Studio 2015
Project("{FAE04EC0-301F-11D3-BF4B-00C04F79EFBC}") = "StatQuest", "StatQuest.csproj", "{6A7B8E60-7564-8973-7DD7-90DF6223DDC4}"
EndProject
Project("{FAE04EC0-301F-11D3-BF4B-00C04F79EFBC}") = "StatQuest.Editor", "StatQuest.Editor.csproj", "{1F70B2FF-5E09-A1B8-B631-8A3F09DB6C90}"
EndProject
Global
	GlobalSection(SolutionConfigurationPlatforms) = preSolution
		Debug|Any CPU = Debug|Any CPU
		Release|Any CPU = Release|Any CPU
	EndGlobalSection
	GlobalSection(ProjectConfigurationPlatforms) = postSolution
		{6A7B8E60-7564-8973-7DD7-90DF6223DDC4}.Debug|Any CPU.ActiveCfg = Debug|Any CPU
		{6A7B8E60-7564-8973-7DD7-90DF6223DDC4}.Debug|Any CPU.Build.0 = Debug|Any CPU
		{6A7B8E60-7564-8973-7DD7-90DF6223DDC4}.Release|Any CPU.ActiveCfg = Release|Any CPU
		{6A7B8E60-7564-8973-7DD7-90DF6223DDC4}.Release|Any CPU.Build.0 = Release|Any CPU
		{1F70B2FF-5E09-A1B8-B631-8A3F09DB6C90}.Debug|Any CPU.ActiveCfg = Debug|Any CPU
		{1F70B2FF-5E09-A1B8-B631-8A3F09DB6C90}.Debug|Any CPU.Build.0 = Debug|Any CPU
		{1F70B2FF-5E09-A1B8-B631-8A3F09DB6C90}.Release|Any CPU.ActiveCfg = Release|Any CPU
		{1F70B2FF-5E09-A1B8-B631-8A3F09DB6C90}.Release|Any CPU.Build.0 = Release|Any CPU
	EndGlobalSection
	GlobalSection(SolutionProperties) = preSolution
		HideSolutionNode = FALSE
	EndGlobalSection
EndGlobal
